
Microsoft Visual Studio Solution File, Format Version 12.00
# Visual Studio 15
VisualStudioVersion = 15.0.26730.12
MinimumVisualStudioVersion = 10.0.40219.1
Project("{FAE04EC0-301F-11D3-BF4B-00C04F79EFBC}") = "InsertSort", "InsertSort\InsertSort.csproj", "{D53E19CF-3097-4525-8B51-6E4D7D5EDCCE}"
EndProject
Global
	GlobalSection(SolutionConfigurationPlatforms) = preSolution
		Debug|Any CPU = Debug|Any CPU
		Release|Any CPU = Release|Any CPU
	EndGlobalSection
	GlobalSection(ProjectConfigurationPlatforms) = postSolution
		{D53E19CF-3097-4525-8B51-6E4D7D5EDCCE}.Debug|Any CPU.ActiveCfg = Debug|Any CPU
		{D53E19CF-3097-4525-8B51-6E4D7D5EDCCE}.Debug|Any CPU.Build.0 = Debug|Any CPU
		{D53E19CF-3097-4525-8B51-6E4D7D5EDCCE}.Release|Any CPU.ActiveCfg = Release|Any CPU
		{D53E19CF-3097-4525-8B51-6E4D7D5EDCCE}.Release|Any CPU.Build.0 = Release|Any CPU
	EndGlobalSection
	GlobalSection(SolutionProperties) = preSolution
		HideSolutionNode = FALSE
	EndGlobalSection
	GlobalSection(ExtensibilityGlobals) = postSolution
		SolutionGuid = {5F0FC2EE-E289-4E3B-85B6-4971B998BFF7}
	EndGlobalSection
EndGlobal
